
Microsoft Visual Studio Solution File, Format Version 12.00
# Visual Studio Version 17
VisualStudioVersion = 17.9.34607.119
MinimumVisualStudioVersion = 10.0.40219.1
Project("{F184B08F-C81C-45F6-A57F-5ABD9991F28F}") = "PrjKujundid", "PrjKujundid\PrjKujundid.vbproj", "{534E581D-DDDB-4DE4-B0A5-55F7CBFA9741}"
EndProject
Global
	GlobalSection(SolutionConfigurationPlatforms) = preSolution
		Debug|Any CPU = Debug|Any CPU
		Release|Any CPU = Release|Any CPU
	EndGlobalSection
	GlobalSection(ProjectConfigurationPlatforms) = postSolution
		{534E581D-DDDB-4DE4-B0A5-55F7CBFA9741}.Debug|Any CPU.ActiveCfg = Debug|Any CPU
		{534E581D-DDDB-4DE4-B0A5-55F7CBFA9741}.Debug|Any CPU.Build.0 = Debug|Any CPU
		{534E581D-DDDB-4DE4-B0A5-55F7CBFA9741}.Release|Any CPU.ActiveCfg = Release|Any CPU
		{534E581D-DDDB-4DE4-B0A5-55F7CBFA9741}.Release|Any CPU.Build.0 = Release|Any CPU
	EndGlobalSection
	GlobalSection(SolutionProperties) = preSolution
		HideSolutionNode = FALSE
	EndGlobalSection
	GlobalSection(ExtensibilityGlobals) = postSolution
		SolutionGuid = {23F0873F-E4D9-439C-9BDD-8F712B2131F2}
	EndGlobalSection
EndGlobal
